
Microsoft Visual Studio Solution File, Format Version 12.00
# Visual Studio Version 17
VisualStudioVersion = 17.14.36705.20 d17.14
MinimumVisualStudioVersion = 10.0.40219.1
Project("{2150E333-8FDC-42A3-9474-1A3956D46DE8}") = "Task0", "Task0", "{02EA681E-C7D8-13C7-8484-4AC65E1B71E8}"
EndProject
Project("{FAE04EC0-301F-11D3-BF4B-00C04F79EFBC}") = "Tyuiu.CybenkoEA.Sprint1.Task0.V9", "Tyuiu.CybenkoEA.Sprint1.Task0.V9\Tyuiu.CybenkoEA.Sprint1.Task0.V9.csproj", "{3AE7A3DE-22B8-47A9-A94F-732938D7DCAB}"
EndProject
Project("{FAE04EC0-301F-11D3-BF4B-00C04F79EFBC}") = "Tyuiu.CybenkoEA.Sprint1.Task0.V9.Lib", "Tyuiu.CybenkoEA.Sprint1.Task0.V9.Lib\Tyuiu.CybenkoEA.Sprint1.Task0.V9.Lib.csproj", "{F4039527-B18D-429D-8CF7-0F562D60E8CA}"
EndProject
Project("{FAE04EC0-301F-11D3-BF4B-00C04F79EFBC}") = "Tyuiu.CybenkoEA.Sprint1.Task0.V9.Test", "Tyuiu.CybenkoEA.Sprint1.Task0.V9.Test\Tyuiu.CybenkoEA.Sprint1.Task0.V9.Test.csproj", "{43BE666F-9CDD-4C9A-8EBA-36E982D3C4EE}"
EndProject
Project("{2150E333-8FDC-42A3-9474-1A3956D46DE8}") = "Task1", "Task1", "{D3584FF5-8562-44D0-9E62-8CDD66B3D461}"
EndProject
Project("{FAE04EC0-301F-11D3-BF4B-00C04F79EFBC}") = "Tyuiu.CybenkoEA.Sprint1.Task1.V21", "Tyuiu.CybenkoEA.Sprint1.Task1.V21\Tyuiu.CybenkoEA.Sprint1.Task1.V21.csproj", "{CB59376B-E8DB-45DB-AB71-81DE487BDA56}"
EndProject
Project("{FAE04EC0-301F-11D3-BF4B-00C04F79EFBC}") = "Tyuiu.CybenkoEA.Sprint1.Task1.V21.Lib", "Tyuiu.CybenkoEA.Sprint1.Task1.V21.Lib\Tyuiu.CybenkoEA.Sprint1.Task1.V21.Lib.csproj", "{F3E24BDC-EF28-4BF6-A30E-D089C1392DDD}"
EndProject
Project("{FAE04EC0-301F-11D3-BF4B-00C04F79EFBC}") = "Tyuiu.CybenkoEA.Sprint1.Task1.V21.Test", "Tyuiu.CybenkoEA.Sprint1.Task1.V21.Test\Tyuiu.CybenkoEA.Sprint1.Task1.V21.Test.csproj", "{36F78281-C867-485C-9702-B3E21EADE1F0}"
EndProject
Project("{2150E333-8FDC-42A3-9474-1A3956D46DE8}") = "Task2", "Task2", "{01FF6EE7-8940-4CA4-BD47-1C8E45DB7F33}"
EndProject
Project("{2150E333-8FDC-42A3-9474-1A3956D46DE8}") = "Task3", "Task3", "{4F89E609-C7A6-4EBD-A416-C836A5C72E39}"
EndProject
Project("{2150E333-8FDC-42A3-9474-1A3956D46DE8}") = "Task4", "Task4", "{87B04227-F2A1-41DA-A4D6-96132D63F991}"
EndProject
Project("{2150E333-8FDC-42A3-9474-1A3956D46DE8}") = "Task5", "Task5", "{BF255337-E260-4B84-8E1C-53CE270F2096}"
EndProject
Project("{2150E333-8FDC-42A3-9474-1A3956D46DE8}") = "Task6", "Task6", "{9FB5CC10-5108-434C-B24F-5F18C6143F39}"
EndProject
Project("{2150E333-8FDC-42A3-9474-1A3956D46DE8}") = "Task7", "Task7", "{7100A7EB-34C5-4E08-A01D-2839C214DFEB}"
EndProject
Project("{FAE04EC0-301F-11D3-BF4B-00C04F79EFBC}") = "Tyuiu.CybenkoEA.Sprint1.Task2.V3", "Tyuiu.CybenkoEA.Sprint1.Task2.V3\Tyuiu.CybenkoEA.Sprint1.Task2.V3.csproj", "{B607422C-D79E-45D8-BB17-D4E2C55303D7}"
EndProject
Project("{FAE04EC0-301F-11D3-BF4B-00C04F79EFBC}") = "Tyuiu.CybenkoEA.Sprint1.Task2.V3.Lib", "Tyuiu.CybenkoEA.Sprint1.Task2.V3.Lib\Tyuiu.CybenkoEA.Sprint1.Task2.V3.Lib.csproj", "{F12D1AC6-8A05-478C-B1A2-9CCC099B81C5}"
EndProject
Project("{FAE04EC0-301F-11D3-BF4B-00C04F79EFBC}") = "Tyuiu.CybenkoEA.Sprint1.Task2.V3.Test", "Tyuiu.CybenkoEA.Sprint1.Task2.V3.Test\Tyuiu.CybenkoEA.Sprint1.Task2.V3.Test.csproj", "{75C46FEC-0F5F-4771-8E02-1E507F7C9CCA}"
EndProject
Project("{FAE04EC0-301F-11D3-BF4B-00C04F79EFBC}") = "Tyuiu.CybenkoEA.Sprint1.Task3.V18", "Tyuiu.CybenkoEA.Sprint1.Task3.V18\Tyuiu.CybenkoEA.Sprint1.Task3.V18.csproj", "{39ECB14E-19FF-4C04-B715-85AC5E200847}"
EndProject
Project("{FAE04EC0-301F-11D3-BF4B-00C04F79EFBC}") = "Tyuiu.CybenkoEA.Sprint1.Task3.V18.Lib", "Tyuiu.CybenkoEA.Sprint1.Task3.V18.Lib\Tyuiu.CybenkoEA.Sprint1.Task3.V18.Lib.csproj", "{1E8F7FDB-5731-4B02-BC2A-248A1AA229E0}"
EndProject
Project("{FAE04EC0-301F-11D3-BF4B-00C04F79EFBC}") = "Tyuiu.CybenkoEA.Sprint1.Task3.V18.Test", "Tyuiu.CybenkoEA.Sprint1.Task3.V18.Test\Tyuiu.CybenkoEA.Sprint1.Task3.V18.Test.csproj", "{C013F79D-9405-4E94-8153-D5C0884E1609}"
EndProject
Global
	GlobalSection(SolutionConfigurationPlatforms) = preSolution
		Debug|Any CPU = Debug|Any CPU
		Release|Any CPU = Release|Any CPU
	EndGlobalSection
	GlobalSection(ProjectConfigurationPlatforms) = postSolution
		{3AE7A3DE-22B8-47A9-A94F-732938D7DCAB}.Debug|Any CPU.ActiveCfg = Debug|Any CPU
		{3AE7A3DE-22B8-47A9-A94F-732938D7DCAB}.Debug|Any CPU.Build.0 = Debug|Any CPU
		{3AE7A3DE-22B8-47A9-A94F-732938D7DCAB}.Release|Any CPU.ActiveCfg = Release|Any CPU
		{3AE7A3DE-22B8-47A9-A94F-732938D7DCAB}.Release|Any CPU.Build.0 = Release|Any CPU
		{F4039527-B18D-429D-8CF7-0F562D60E8CA}.Debug|Any CPU.ActiveCfg = Debug|Any CPU
		{F4039527-B18D-429D-8CF7-0F562D60E8CA}.Debug|Any CPU.Build.0 = Debug|Any CPU
		{F4039527-B18D-429D-8CF7-0F562D60E8CA}.Release|Any CPU.ActiveCfg = Release|Any CPU
		{F4039527-B18D-429D-8CF7-0F562D60E8CA}.Release|Any CPU.Build.0 = Release|Any CPU
		{43BE666F-9CDD-4C9A-8EBA-36E982D3C4EE}.Debug|Any CPU.ActiveCfg = Debug|Any CPU
		{43BE666F-9CDD-4C9A-8EBA-36E982D3C4EE}.Debug|Any CPU.Build.0 = Debug|Any CPU
		{43BE666F-9CDD-4C9A-8EBA-36E982D3C4EE}.Release|Any CPU.ActiveCfg = Release|Any CPU
		{43BE666F-9CDD-4C9A-8EBA-36E982D3C4EE}.Release|Any CPU.Build.0 = Release|Any CPU
		{CB59376B-E8DB-45DB-AB71-81DE487BDA56}.Debug|Any CPU.ActiveCfg = Debug|Any CPU
		{CB59376B-E8DB-45DB-AB71-81DE487BDA56}.Debug|Any CPU.Build.0 = Debug|Any CPU
		{CB59376B-E8DB-45DB-AB71-81DE487BDA56}.Release|Any CPU.ActiveCfg = Release|Any CPU
		{CB59376B-E8DB-45DB-AB71-81DE487BDA56}.Release|Any CPU.Build.0 = Release|Any CPU
		{F3E24BDC-EF28-4BF6-A30E-D089C1392DDD}.Debug|Any CPU.ActiveCfg = Debug|Any CPU
		{F3E24BDC-EF28-4BF6-A30E-D089C1392DDD}.Debug|Any CPU.Build.0 = Debug|Any CPU
		{F3E24BDC-EF28-4BF6-A30E-D089C1392DDD}.Release|Any CPU.ActiveCfg = Release|Any CPU
		{F3E24BDC-EF28-4BF6-A30E-D089C1392DDD}.Release|Any CPU.Build.0 = Release|Any CPU
		{36F78281-C867-485C-9702-B3E21EADE1F0}.Debug|Any CPU.ActiveCfg = Debug|Any CPU
		{36F78281-C867-485C-9702-B3E21EADE1F0}.Debug|Any CPU.Build.0 = Debug|Any CPU
		{36F78281-C867-485C-9702-B3E21EADE1F0}.Release|Any CPU.ActiveCfg = Release|Any CPU
		{36F78281-C867-485C-9702-B3E21EADE1F0}.Release|Any CPU.Build.0 = Release|Any CPU
		{B607422C-D79E-45D8-BB17-D4E2C55303D7}.Debug|Any CPU.ActiveCfg = Debug|Any CPU
		{B607422C-D79E-45D8-BB17-D4E2C55303D7}.Debug|Any CPU.Build.0 = Debug|Any CPU
		{B607422C-D79E-45D8-BB17-D4E2C55303D7}.Release|Any CPU.ActiveCfg = Release|Any CPU
		{B607422C-D79E-45D8-BB17-D4E2C55303D7}.Release|Any CPU.Build.0 = Release|Any CPU
		{F12D1AC6-8A05-478C-B1A2-9CCC099B81C5}.Debug|Any CPU.ActiveCfg = Debug|Any CPU
		{F12D1AC6-8A05-478C-B1A2-9CCC099B81C5}.Debug|Any CPU.Build.0 = Debug|Any CPU
		{F12D1AC6-8A05-478C-B1A2-9CCC099B81C5}.Release|Any CPU.ActiveCfg = Release|Any CPU
		{F12D1AC6-8A05-478C-B1A2-9CCC099B81C5}.Release|Any CPU.Build.0 = Release|Any CPU
		{75C46FEC-0F5F-4771-8E02-1E507F7C9CCA}.Debug|Any CPU.ActiveCfg = Debug|Any CPU
		{75C46FEC-0F5F-4771-8E02-1E507F7C9CCA}.Debug|Any CPU.Build.0 = Debug|Any CPU
		{75C46FEC-0F5F-4771-8E02-1E507F7C9CCA}.Release|Any CPU.ActiveCfg = Release|Any CPU
		{75C46FEC-0F5F-4771-8E02-1E507F7C9CCA}.Release|Any CPU.Build.0 = Release|Any CPU
		{39ECB14E-19FF-4C04-B715-85AC5E200847}.Debug|Any CPU.ActiveCfg = Debug|Any CPU
		{39ECB14E-19FF-4C04-B715-85AC5E200847}.Debug|Any CPU.Build.0 = Debug|Any CPU
		{39ECB14E-19FF-4C04-B715-85AC5E200847}.Release|Any CPU.ActiveCfg = Release|Any CPU
		{39ECB14E-19FF-4C04-B715-85AC5E200847}.Release|Any CPU.Build.0 = Release|Any CPU
		{1E8F7FDB-5731-4B02-BC2A-248A1AA229E0}.Debug|Any CPU.ActiveCfg = Debug|Any CPU
		{1E8F7FDB-5731-4B02-BC2A-248A1AA229E0}.Debug|Any CPU.Build.0 = Debug|Any CPU
		{1E8F7FDB-5731-4B02-BC2A-248A1AA229E0}.Release|Any CPU.ActiveCfg = Release|Any CPU
		{1E8F7FDB-5731-4B02-BC2A-248A1AA229E0}.Release|Any CPU.Build.0 = Release|Any CPU
		{C013F79D-9405-4E94-8153-D5C0884E1609}.Debug|Any CPU.ActiveCfg = Debug|Any CPU
		{C013F79D-9405-4E94-8153-D5C0884E1609}.Debug|Any CPU.Build.0 = Debug|Any CPU
		{C013F79D-9405-4E94-8153-D5C0884E1609}.Release|Any CPU.ActiveCfg = Release|Any CPU
		{C013F79D-9405-4E94-8153-D5C0884E1609}.Release|Any CPU.Build.0 = Release|Any CPU
	EndGlobalSection
	GlobalSection(SolutionProperties) = preSolution
		HideSolutionNode = FALSE
	EndGlobalSection
	GlobalSection(NestedProjects) = preSolution
		{3AE7A3DE-22B8-47A9-A94F-732938D7DCAB} = {02EA681E-C7D8-13C7-8484-4AC65E1B71E8}
		{F4039527-B18D-429D-8CF7-0F562D60E8CA} = {02EA681E-C7D8-13C7-8484-4AC65E1B71E8}
		{43BE666F-9CDD-4C9A-8EBA-36E982D3C4EE} = {02EA681E-C7D8-13C7-8484-4AC65E1B71E8}
		{CB59376B-E8DB-45DB-AB71-81DE487BDA56} = {D3584FF5-8562-44D0-9E62-8CDD66B3D461}
		{F3E24BDC-EF28-4BF6-A30E-D089C1392DDD} = {D3584FF5-8562-44D0-9E62-8CDD66B3D461}
		{36F78281-C867-485C-9702-B3E21EADE1F0} = {D3584FF5-8562-44D0-9E62-8CDD66B3D461}
		{B607422C-D79E-45D8-BB17-D4E2C55303D7} = {01FF6EE7-8940-4CA4-BD47-1C8E45DB7F33}
		{F12D1AC6-8A05-478C-B1A2-9CCC099B81C5} = {01FF6EE7-8940-4CA4-BD47-1C8E45DB7F33}
		{75C46FEC-0F5F-4771-8E02-1E507F7C9CCA} = {01FF6EE7-8940-4CA4-BD47-1C8E45DB7F33}
		{39ECB14E-19FF-4C04-B715-85AC5E200847} = {4F89E609-C7A6-4EBD-A416-C836A5C72E39}
		{1E8F7FDB-5731-4B02-BC2A-248A1AA229E0} = {4F89E609-C7A6-4EBD-A416-C836A5C72E39}
		{C013F79D-9405-4E94-8153-D5C0884E1609} = {4F89E609-C7A6-4EBD-A416-C836A5C72E39}
	EndGlobalSection
	GlobalSection(ExtensibilityGlobals) = postSolution
		SolutionGuid = {F80E56DD-890B-48F8-8924-FA3869294453}
	EndGlobalSection
EndGlobal
