
Microsoft Visual Studio Solution File, Format Version 12.00
# Visual Studio Version 17
VisualStudioVersion = 17.11.35303.130
MinimumVisualStudioVersion = 10.0.40219.1
Project("{2150E333-8FDC-42A3-9474-1A3956D46DE8}") = "Task0", "Task0", "{33BA98C8-68F5-4F7C-B139-EA8941FC5AAD}"
EndProject
Project("{FAE04EC0-301F-11D3-BF4B-00C04F79EFBC}") = "Tyuiu.CybenkoEA.Sprint1.Task0.V9", "Tyuiu.CybenkoEA.Sprint1.Task0.V9\Tyuiu.CybenkoEA.Sprint1.Task0.V9.csproj", "{DBD84B21-3980-4070-B6B5-A67670A5D1AB}"
EndProject
Project("{FAE04EC0-301F-11D3-BF4B-00C04F79EFBC}") = "Tyuiu.CybenkoEA.Sprint1.Task0.V9.Lib", "Tyuiu.CybenkoEA.Sprint1.Task0.V9.Lib\Tyuiu.CybenkoEA.Sprint1.Task0.V9.Lib.csproj", "{72EAE117-AE42-40B2-AF8C-78F8F6E2C615}"
EndProject
Project("{FAE04EC0-301F-11D3-BF4B-00C04F79EFBC}") = "Tyuiu.CybenkoEA.Sprint1.Task0.V9.Test", "Tyuiu.CybenkoEA.Sprint1.Task0.V9.Test\Tyuiu.CybenkoEA.Sprint1.Task0.V9.Test.csproj", "{8EBFEEF1-22D9-4128-B501-F2D3B8ABD9B6}"
EndProject
Global
	GlobalSection(SolutionConfigurationPlatforms) = preSolution
		Debug|Any CPU = Debug|Any CPU
		Release|Any CPU = Release|Any CPU
	EndGlobalSection
	GlobalSection(ProjectConfigurationPlatforms) = postSolution
		{DBD84B21-3980-4070-B6B5-A67670A5D1AB}.Debug|Any CPU.ActiveCfg = Debug|Any CPU
		{DBD84B21-3980-4070-B6B5-A67670A5D1AB}.Debug|Any CPU.Build.0 = Debug|Any CPU
		{DBD84B21-3980-4070-B6B5-A67670A5D1AB}.Release|Any CPU.ActiveCfg = Release|Any CPU
		{DBD84B21-3980-4070-B6B5-A67670A5D1AB}.Release|Any CPU.Build.0 = Release|Any CPU
		{72EAE117-AE42-40B2-AF8C-78F8F6E2C615}.Debug|Any CPU.ActiveCfg = Debug|Any CPU
		{72EAE117-AE42-40B2-AF8C-78F8F6E2C615}.Debug|Any CPU.Build.0 = Debug|Any CPU
		{72EAE117-AE42-40B2-AF8C-78F8F6E2C615}.Release|Any CPU.ActiveCfg = Release|Any CPU
		{72EAE117-AE42-40B2-AF8C-78F8F6E2C615}.Release|Any CPU.Build.0 = Release|Any CPU
		{8EBFEEF1-22D9-4128-B501-F2D3B8ABD9B6}.Debug|Any CPU.ActiveCfg = Debug|Any CPU
		{8EBFEEF1-22D9-4128-B501-F2D3B8ABD9B6}.Debug|Any CPU.Build.0 = Debug|Any CPU
		{8EBFEEF1-22D9-4128-B501-F2D3B8ABD9B6}.Release|Any CPU.ActiveCfg = Release|Any CPU
		{8EBFEEF1-22D9-4128-B501-F2D3B8ABD9B6}.Release|Any CPU.Build.0 = Release|Any CPU
	EndGlobalSection
	GlobalSection(SolutionProperties) = preSolution
		HideSolutionNode = FALSE
	EndGlobalSection
	GlobalSection(NestedProjects) = preSolution
		{DBD84B21-3980-4070-B6B5-A67670A5D1AB} = {33BA98C8-68F5-4F7C-B139-EA8941FC5AAD}
		{72EAE117-AE42-40B2-AF8C-78F8F6E2C615} = {33BA98C8-68F5-4F7C-B139-EA8941FC5AAD}
		{8EBFEEF1-22D9-4128-B501-F2D3B8ABD9B6} = {33BA98C8-68F5-4F7C-B139-EA8941FC5AAD}
	EndGlobalSection
	GlobalSection(ExtensibilityGlobals) = postSolution
		SolutionGuid = {A50CB226-A667-4C42-BF90-8D4CEC69289F}
	EndGlobalSection
EndGlobal
