
Microsoft Visual Studio Solution File, Format Version 12.00
# Visual Studio Version 17
VisualStudioVersion = 17.11.35303.130
MinimumVisualStudioVersion = 10.0.40219.1
Project("{2150E333-8FDC-42A3-9474-1A3956D46DE8}") = "Task0", "Task0", "{8612ED5B-5CBC-47ED-936E-1A82D4FBDC42}"
EndProject
Project("{FAE04EC0-301F-11D3-BF4B-00C04F79EFBC}") = "Tyuiu.CybenkoEA.Sprint1.Task0.V9", "Tyuiu.CybenkoEA.Sprint1.Task0.V0\Tyuiu.CybenkoEA.Sprint1.Task0.V9.csproj", "{6DF5134C-152E-433F-B15F-1F96AC57B7BD}"
EndProject
Project("{FAE04EC0-301F-11D3-BF4B-00C04F79EFBC}") = "Tyuiu.CybenkoEA.Sprint1.Task0.V9.Lib", "Tyuiu.CybenkoEA.Sprint1.Task0.V0.Lib\Tyuiu.CybenkoEA.Sprint1.Task0.V9.Lib.csproj", "{187C5D7E-33BD-4E25-A9B8-C5703DF23B1B}"
EndProject
Project("{FAE04EC0-301F-11D3-BF4B-00C04F79EFBC}") = "Tyuiu.CybenkoEA.Sprint1.Task0.V9.Test", "Tyuiu.CybenkoEA.Sprint1.Task0.V0.Test\Tyuiu.CybenkoEA.Sprint1.Task0.V9.Test.csproj", "{CAEB810A-C094-4356-B885-162B8CD13CD3}"
EndProject
Global
	GlobalSection(SolutionConfigurationPlatforms) = preSolution
		Debug|Any CPU = Debug|Any CPU
		Release|Any CPU = Release|Any CPU
	EndGlobalSection
	GlobalSection(ProjectConfigurationPlatforms) = postSolution
		{6DF5134C-152E-433F-B15F-1F96AC57B7BD}.Debug|Any CPU.ActiveCfg = Debug|Any CPU
		{6DF5134C-152E-433F-B15F-1F96AC57B7BD}.Debug|Any CPU.Build.0 = Debug|Any CPU
		{6DF5134C-152E-433F-B15F-1F96AC57B7BD}.Release|Any CPU.ActiveCfg = Release|Any CPU
		{6DF5134C-152E-433F-B15F-1F96AC57B7BD}.Release|Any CPU.Build.0 = Release|Any CPU
		{187C5D7E-33BD-4E25-A9B8-C5703DF23B1B}.Debug|Any CPU.ActiveCfg = Debug|Any CPU
		{187C5D7E-33BD-4E25-A9B8-C5703DF23B1B}.Debug|Any CPU.Build.0 = Debug|Any CPU
		{187C5D7E-33BD-4E25-A9B8-C5703DF23B1B}.Release|Any CPU.ActiveCfg = Release|Any CPU
		{187C5D7E-33BD-4E25-A9B8-C5703DF23B1B}.Release|Any CPU.Build.0 = Release|Any CPU
		{CAEB810A-C094-4356-B885-162B8CD13CD3}.Debug|Any CPU.ActiveCfg = Debug|Any CPU
		{CAEB810A-C094-4356-B885-162B8CD13CD3}.Debug|Any CPU.Build.0 = Debug|Any CPU
		{CAEB810A-C094-4356-B885-162B8CD13CD3}.Release|Any CPU.ActiveCfg = Release|Any CPU
		{CAEB810A-C094-4356-B885-162B8CD13CD3}.Release|Any CPU.Build.0 = Release|Any CPU
	EndGlobalSection
	GlobalSection(SolutionProperties) = preSolution
		HideSolutionNode = FALSE
	EndGlobalSection
	GlobalSection(NestedProjects) = preSolution
		{6DF5134C-152E-433F-B15F-1F96AC57B7BD} = {8612ED5B-5CBC-47ED-936E-1A82D4FBDC42}
		{187C5D7E-33BD-4E25-A9B8-C5703DF23B1B} = {8612ED5B-5CBC-47ED-936E-1A82D4FBDC42}
		{CAEB810A-C094-4356-B885-162B8CD13CD3} = {8612ED5B-5CBC-47ED-936E-1A82D4FBDC42}
	EndGlobalSection
	GlobalSection(ExtensibilityGlobals) = postSolution
		SolutionGuid = {A50CB226-A667-4C42-BF90-8D4CEC69289F}
	EndGlobalSection
EndGlobal
